<?xml version="1.0" encoding="utf-8"?>
<Project ToolsVersion="4.0" xmlns="http://schemas.microsoft.com/developer/msbuild/2003">
  <ItemGroup>
    <Filter Include="Engine">
      <UniqueIdentifier>{9367c062-da42-467e-bca2-ee454d45f158}</UniqueIdentifier>
    </Filter>
    <Filter Include="GameObject">
      <UniqueIdentifier>{aeb0dced-6f91-4b5e-a4f0-6c064ac273d3}</UniqueIdentifier>
    </Filter>
    <Filter Include="Engine\Graphics">
      <UniqueIdentifier>{85d95520-cd2f-4430-8c0d-773869ac275b}</UniqueIdentifier>
    </Filter>
    <Filter Include="Engine\Logic">
      <UniqueIdentifier>{07695627-e3f9-4189-bfdc-6f2f1e4fb978}</UniqueIdentifier>
    </Filter>
    <Filter Include="Engine\Graphics\Source">
      <UniqueIdentifier>{623942eb-43d0-4f99-b21b-2c0b2e35e70e}</UniqueIdentifier>
    </Filter>
    <Filter Include="Engine\Logic\Source">
      <UniqueIdentifier>{6bc1412b-765c-4b3f-aeb9-14cf53d75d89}</UniqueIdentifier>
    </Filter>
    <Filter Include="GameObject\Base">
      <UniqueIdentifier>{a05a15fe-f92c-4373-b3ea-6abef53d40b7}</UniqueIdentifier>
    </Filter>
  </ItemGroup>
  <ItemGroup>
    <ClInclude Include="Engine\Graphics\bitmapclass.h">
      <Filter>Engine\Graphics</Filter>
    </ClInclude>
    <ClInclude Include="Engine\Graphics\cameraclass.h">
      <Filter>Engine\Graphics</Filter>
    </ClInclude>
    <ClInclude Include="Engine\Graphics\d3dclass.h">
      <Filter>Engine\Graphics</Filter>
    </ClInclude>
    <ClInclude Include="Engine\Graphics\graphicsclass.h">
      <Filter>Engine\Graphics</Filter>
    </ClInclude>
    <ClInclude Include="Engine\Graphics\textureclass.h">
      <Filter>Engine\Graphics</Filter>
    </ClInclude>
    <ClInclude Include="Engine\Graphics\textureshaderclass.h">
      <Filter>Engine\Graphics</Filter>
    </ClInclude>
    <ClInclude Include="Engine\Logic\Logic.h">
      <Filter>Engine\Logic</Filter>
    </ClInclude>
    <ClInclude Include="Engine\Logic\LogicAndPhysics.h">
      <Filter>Engine\Logic</Filter>
    </ClInclude>
    <ClInclude Include="Engine\Logic\Physics.h">
      <Filter>Engine\Logic</Filter>
    </ClInclude>
    <ClInclude Include="Engine\inputclass.h">
      <Filter>Engine</Filter>
    </ClInclude>
    <ClInclude Include="Engine\systemclass.h">
      <Filter>Engine</Filter>
    </ClInclude>
    <ClInclude Include="GameObject\Base\ActorClass.h">
      <Filter>GameObject\Base</Filter>
    </ClInclude>
    <ClInclude Include="GameObject\Base\PawnClass.h">
      <Filter>GameObject\Base</Filter>
    </ClInclude>
    <ClInclude Include="GameObject\BossClass.h">
      <Filter>GameObject</Filter>
    </ClInclude>
    <ClInclude Include="GameObject\PlayerClass.h">
      <Filter>GameObject</Filter>
    </ClInclude>
  </ItemGroup>
  <ItemGroup>
    <ClCompile Include="Engine\Graphics\Source\bitmapclass.cpp">
      <Filter>Engine\Graphics\Source</Filter>
    </ClCompile>
    <ClCompile Include="Engine\Graphics\Source\cameraclass.cpp">
      <Filter>Engine\Graphics\Source</Filter>
    </ClCompile>
    <ClCompile Include="Engine\Graphics\Source\d3dclass.cpp">
      <Filter>Engine\Graphics\Source</Filter>
    </ClCompile>
    <ClCompile Include="Engine\Graphics\Source\graphicsclass.cpp">
      <Filter>Engine\Graphics\Source</Filter>
    </ClCompile>
    <ClCompile Include="Engine\Graphics\Source\textureclass.cpp">
      <Filter>Engine\Graphics\Source</Filter>
    </ClCompile>
    <ClCompile Include="Engine\Graphics\Source\textureshaderclass.cpp">
      <Filter>Engine\Graphics\Source</Filter>
    </ClCompile>
    <ClCompile Include="Engine\Logic\Source\Logic.cpp">
      <Filter>Engine\Logic\Source</Filter>
    </ClCompile>
    <ClCompile Include="Engine\Logic\Source\LogicAndPhysics.cpp">
      <Filter>Engine\Logic\Source</Filter>
    </ClCompile>
    <ClCompile Include="Engine\Logic\Source\Physics.cpp">
      <Filter>Engine\Logic\Source</Filter>
    </ClCompile>
    <ClCompile Include="Engine\inputclass.cpp">
      <Filter>Engine</Filter>
    </ClCompile>
    <ClCompile Include="Engine\systemclass.cpp">
      <Filter>Engine</Filter>
    </ClCompile>
    <ClCompile Include="GameObject\Base\ActorClass.cpp">
      <Filter>GameObject\Base</Filter>
    </ClCompile>
    <ClCompile Include="GameObject\BossClass.cpp">
      <Filter>GameObject</Filter>
    </ClCompile>
    <ClCompile Include="GameObject\PlayerClass.cpp">
      <Filter>GameObject</Filter>
    </ClCompile>
    <ClCompile Include="main.cpp" />
  </ItemGroup>
</Project>