<?xml version="1.0" encoding="utf-8"?>
<Project ToolsVersion="4.0" xmlns="http://schemas.microsoft.com/developer/msbuild/2003">
  <ItemGroup>
    <Filter Include="소스 파일">
      <UniqueIdentifier>{4FC737F1-C7A5-4376-A066-2A32D752A2FF}</UniqueIdentifier>
      <Extensions>cpp;c;cc;cxx;def;odl;idl;hpj;bat;asm;asmx</Extensions>
    </Filter>
    <Filter Include="헤더 파일">
      <UniqueIdentifier>{93995380-89BD-4b04-88EB-625FBE52EBFB}</UniqueIdentifier>
      <Extensions>h;hh;hpp;hxx;hm;inl;inc;xsd</Extensions>
    </Filter>
    <Filter Include="리소스 파일">
      <UniqueIdentifier>{67DA6AB6-F800-4c08-8B7A-83BB121AAD01}</UniqueIdentifier>
      <Extensions>rc;ico;cur;bmp;dlg;rc2;rct;bin;rgs;gif;jpg;jpeg;jpe;resx;tiff;tif;png;wav;mfcribbon-ms</Extensions>
    </Filter>
    <Filter Include="GameObjects">
      <UniqueIdentifier>{a81e4654-520a-4141-a847-ba5f2b90542b}</UniqueIdentifier>
    </Filter>
    <Filter Include="GameObjects\Header">
      <UniqueIdentifier>{c6638df1-2f85-4eef-87d0-2539ac49bb07}</UniqueIdentifier>
    </Filter>
    <Filter Include="GameObjects\Source">
      <UniqueIdentifier>{ff0bd987-8127-48d6-adce-80647ff14da4}</UniqueIdentifier>
    </Filter>
    <Filter Include="Engine">
      <UniqueIdentifier>{82e023d3-df37-4f08-8590-4efd5b5f4b43}</UniqueIdentifier>
    </Filter>
    <Filter Include="Engine\Graphics">
      <UniqueIdentifier>{41609264-3f4a-46de-a7d0-249d884f5b4f}</UniqueIdentifier>
    </Filter>
    <Filter Include="Engine\Graphics\Header">
      <UniqueIdentifier>{b28a2d91-ae04-4e65-95eb-899551dd8310}</UniqueIdentifier>
    </Filter>
    <Filter Include="Engine\Graphics\Source">
      <UniqueIdentifier>{411cfe68-4b0f-4cfa-a010-4f1d9b68bce1}</UniqueIdentifier>
    </Filter>
    <Filter Include="Engine\Logic">
      <UniqueIdentifier>{8640e841-b85d-4548-82c4-f4e617490ae7}</UniqueIdentifier>
    </Filter>
    <Filter Include="Engine\Logic\Header">
      <UniqueIdentifier>{e91b6865-b95e-46b6-b0f0-37b507d2ac35}</UniqueIdentifier>
    </Filter>
    <Filter Include="Engine\Logic\Source">
      <UniqueIdentifier>{0f0ab09a-44cb-4875-a0cf-132fac588eed}</UniqueIdentifier>
    </Filter>
    <Filter Include="FX">
      <UniqueIdentifier>{6c0b2a29-0402-48e3-8cd9-df8f6ac02004}</UniqueIdentifier>
    </Filter>
  </ItemGroup>
</Project>