
Microsoft Visual Studio Solution File, Format Version 12.00
# Visual Studio 15
VisualStudioVersion = 15.0.26430.6
MinimumVisualStudioVersion = 10.0.40219.1
Project("{8BC9CEB8-8B4A-11D0-8D11-00A0C91BC942}") = "Editer", "SJBJS\SJBJS.vcxproj", "{8BCC4B5E-A5FA-4981-A852-0DF9ACE4DE05}"
EndProject
Project("{8BC9CEB8-8B4A-11D0-8D11-00A0C91BC942}") = "Box2D", "Box2D.vcxproj", "{8646616F-BC0F-447F-8B14-BB50AA98F698}"
EndProject
Project("{8BC9CEB8-8B4A-11D0-8D11-00A0C91BC942}") = "RedMon", "RedMon.vcxproj", "{ADDFEC3E-2EB8-43DE-AFEF-A08C1B919CC7}"
EndProject
Global
	GlobalSection(SolutionConfigurationPlatforms) = preSolution
		Debug|x64 = Debug|x64
		Debug|x86 = Debug|x86
		Release|x64 = Release|x64
		Release|x86 = Release|x86
	EndGlobalSection
	GlobalSection(ProjectConfigurationPlatforms) = postSolution
		{8BCC4B5E-A5FA-4981-A852-0DF9ACE4DE05}.Debug|x64.ActiveCfg = Debug|x64
		{8BCC4B5E-A5FA-4981-A852-0DF9ACE4DE05}.Debug|x64.Build.0 = Debug|x64
		{8BCC4B5E-A5FA-4981-A852-0DF9ACE4DE05}.Debug|x86.ActiveCfg = Debug|Win32
		{8BCC4B5E-A5FA-4981-A852-0DF9ACE4DE05}.Debug|x86.Build.0 = Debug|Win32
		{8BCC4B5E-A5FA-4981-A852-0DF9ACE4DE05}.Release|x64.ActiveCfg = Release|x64
		{8BCC4B5E-A5FA-4981-A852-0DF9ACE4DE05}.Release|x64.Build.0 = Release|x64
		{8BCC4B5E-A5FA-4981-A852-0DF9ACE4DE05}.Release|x86.ActiveCfg = Release|Win32
		{8BCC4B5E-A5FA-4981-A852-0DF9ACE4DE05}.Release|x86.Build.0 = Release|Win32
		{8646616F-BC0F-447F-8B14-BB50AA98F698}.Debug|x64.ActiveCfg = Debug|x64
		{8646616F-BC0F-447F-8B14-BB50AA98F698}.Debug|x64.Build.0 = Debug|x64
		{8646616F-BC0F-447F-8B14-BB50AA98F698}.Debug|x86.ActiveCfg = Debug|Win32
		{8646616F-BC0F-447F-8B14-BB50AA98F698}.Debug|x86.Build.0 = Debug|Win32
		{8646616F-BC0F-447F-8B14-BB50AA98F698}.Release|x64.ActiveCfg = Release|x64
		{8646616F-BC0F-447F-8B14-BB50AA98F698}.Release|x64.Build.0 = Release|x64
		{8646616F-BC0F-447F-8B14-BB50AA98F698}.Release|x86.ActiveCfg = Release|Win32
		{8646616F-BC0F-447F-8B14-BB50AA98F698}.Release|x86.Build.0 = Release|Win32
		{ADDFEC3E-2EB8-43DE-AFEF-A08C1B919CC7}.Debug|x64.ActiveCfg = Debug|x64
		{ADDFEC3E-2EB8-43DE-AFEF-A08C1B919CC7}.Debug|x64.Build.0 = Debug|x64
		{ADDFEC3E-2EB8-43DE-AFEF-A08C1B919CC7}.Debug|x86.ActiveCfg = Debug|Win32
		{ADDFEC3E-2EB8-43DE-AFEF-A08C1B919CC7}.Debug|x86.Build.0 = Debug|Win32
		{ADDFEC3E-2EB8-43DE-AFEF-A08C1B919CC7}.Release|x64.ActiveCfg = Release|x64
		{ADDFEC3E-2EB8-43DE-AFEF-A08C1B919CC7}.Release|x64.Build.0 = Release|x64
		{ADDFEC3E-2EB8-43DE-AFEF-A08C1B919CC7}.Release|x86.ActiveCfg = Release|Win32
		{ADDFEC3E-2EB8-43DE-AFEF-A08C1B919CC7}.Release|x86.Build.0 = Release|Win32
	EndGlobalSection
	GlobalSection(SolutionProperties) = preSolution
		HideSolutionNode = FALSE
	EndGlobalSection
EndGlobal
